
Microsoft Visual Studio Solution File, Format Version 12.00
# Visual Studio Version 16
VisualStudioVersion = 16.0.30114.105
MinimumVisualStudioVersion = 10.0.40219.1
Project("{FAE04EC0-301F-11D3-BF4B-00C04F79EFBC}") = "coinbaseAdvancedTrade-csharp", "coinbaseAdvancedTrade\coinbaseAdvancedTrade-csharp.csproj", "{FD0B4FDB-0E2F-4708-B491-66847B89DAF6}"
EndProject
Project("{FAE04EC0-301F-11D3-BF4B-00C04F79EFBC}") = "coinbaseAdvancedTradeTests", "coinbaseAdvancedTradeTests\coinbaseAdvancedTradeTests.csproj", "{6BFB9A43-357F-4AEC-8F70-B83620F0224D}"
EndProject
Global
	GlobalSection(SolutionConfigurationPlatforms) = preSolution
		Debug|Any CPU = Debug|Any CPU
		Release|Any CPU = Release|Any CPU
	EndGlobalSection
	GlobalSection(SolutionProperties) = preSolution
		HideSolutionNode = FALSE
	EndGlobalSection
	GlobalSection(ProjectConfigurationPlatforms) = postSolution
		{FD0B4FDB-0E2F-4708-B491-66847B89DAF6}.Debug|Any CPU.ActiveCfg = Debug|Any CPU
		{FD0B4FDB-0E2F-4708-B491-66847B89DAF6}.Debug|Any CPU.Build.0 = Debug|Any CPU
		{FD0B4FDB-0E2F-4708-B491-66847B89DAF6}.Release|Any CPU.ActiveCfg = Release|Any CPU
		{FD0B4FDB-0E2F-4708-B491-66847B89DAF6}.Release|Any CPU.Build.0 = Release|Any CPU
		{6BFB9A43-357F-4AEC-8F70-B83620F0224D}.Debug|Any CPU.ActiveCfg = Debug|Any CPU
		{6BFB9A43-357F-4AEC-8F70-B83620F0224D}.Debug|Any CPU.Build.0 = Debug|Any CPU
		{6BFB9A43-357F-4AEC-8F70-B83620F0224D}.Release|Any CPU.ActiveCfg = Release|Any CPU
		{6BFB9A43-357F-4AEC-8F70-B83620F0224D}.Release|Any CPU.Build.0 = Release|Any CPU
	EndGlobalSection
EndGlobal
